
Microsoft Visual Studio Solution File, Format Version 12.00
# Visual Studio Version 17
VisualStudioVersion = 17.5.002.0
MinimumVisualStudioVersion = 10.0.40219.1
Project("{9A19103F-16F7-4668-BE54-9A1E7A4F7556}") = "quicksortAlgorith", "quicksortAlgorith.csproj", "{A50C95C8-952F-439C-87AF-4C42409329F6}"
EndProject
Global
	GlobalSection(SolutionConfigurationPlatforms) = preSolution
		Debug|Any CPU = Debug|Any CPU
		Release|Any CPU = Release|Any CPU
	EndGlobalSection
	GlobalSection(ProjectConfigurationPlatforms) = postSolution
		{A50C95C8-952F-439C-87AF-4C42409329F6}.Debug|Any CPU.ActiveCfg = Debug|Any CPU
		{A50C95C8-952F-439C-87AF-4C42409329F6}.Debug|Any CPU.Build.0 = Debug|Any CPU
		{A50C95C8-952F-439C-87AF-4C42409329F6}.Release|Any CPU.ActiveCfg = Release|Any CPU
		{A50C95C8-952F-439C-87AF-4C42409329F6}.Release|Any CPU.Build.0 = Release|Any CPU
	EndGlobalSection
	GlobalSection(SolutionProperties) = preSolution
		HideSolutionNode = FALSE
	EndGlobalSection
	GlobalSection(ExtensibilityGlobals) = postSolution
		SolutionGuid = {8D4213F2-40D5-4587-8231-DF4310536778}
	EndGlobalSection
EndGlobal
